// !$*UTF8*$!
{
	archiveVersion = 1;
	classes = {
	};
	objectVersion = 56;
	objects = {

/* Begin PBXBuildFile section */
		5D2146222AA062CE00B28DE8 /* ProfileViewController.swift in Sources */ = {isa = PBXBuildFile; fileRef = 5D2146212AA062CE00B28DE8 /* ProfileViewController.swift */; };
		5D2146242AA06B0A00B28DE8 /* SelectedTopicCollectionViewCell.swift in Sources */ = {isa = PBXBuildFile; fileRef = 5D2146232AA06B0A00B28DE8 /* SelectedTopicCollectionViewCell.swift */; };
		5D56BED12AA0D5C5009654A9 /* ContactUsViewController.swift in Sources */ = {isa = PBXBuildFile; fileRef = 5D56BED02AA0D5C5009654A9 /* ContactUsViewController.swift */; };
		5D5C54F52A9DCF99008326BD /* FavouriteInputViewController.swift in Sources */ = {isa = PBXBuildFile; fileRef = 5D5C54F42A9DCF99008326BD /* FavouriteInputViewController.swift */; };
		5D5C54F92A9DEFD3008326BD /* FavouriteInputCollectionViewCell.swift in Sources */ = {isa = PBXBuildFile; fileRef = 5D5C54F82A9DEFD3008326BD /* FavouriteInputCollectionViewCell.swift */; };
		5D95D9772A9F1A2D00211536 /* CoreDataModel.xcdatamodeld in Sources */ = {isa = PBXBuildFile; fileRef = 5D95D9752A9F1A2D00211536 /* CoreDataModel.xcdatamodeld */; };
		5D99057E2A9E2D7C006F155F /* SignInViewController.swift in Sources */ = {isa = PBXBuildFile; fileRef = 5D99057D2A9E2D7C006F155F /* SignInViewController.swift */; };
		5D9905802A9E2E5E006F155F /* SignInViewModel.swift in Sources */ = {isa = PBXBuildFile; fileRef = 5D99057F2A9E2E5E006F155F /* SignInViewModel.swift */; };
		5D9905822A9E2EA4006F155F /* RegisterViewController.swift in Sources */ = {isa = PBXBuildFile; fileRef = 5D9905812A9E2EA4006F155F /* RegisterViewController.swift */; };
		5D9905842A9E2F26006F155F /* SignUpViewModel.swift in Sources */ = {isa = PBXBuildFile; fileRef = 5D9905832A9E2F26006F155F /* SignUpViewModel.swift */; };
		5D9905862A9E2F95006F155F /* UserDataRepository.swift in Sources */ = {isa = PBXBuildFile; fileRef = 5D9905852A9E2F95006F155F /* UserDataRepository.swift */; };
		5D9905882A9E2FD3006F155F /* UserDataModel.swift in Sources */ = {isa = PBXBuildFile; fileRef = 5D9905872A9E2FD3006F155F /* UserDataModel.swift */; };
		5DB275422AA78B830016FF8B /* Utilities.swift in Sources */ = {isa = PBXBuildFile; fileRef = 5DB275412AA78B830016FF8B /* Utilities.swift */; };
		981CBE632A9B5FEF0005B1F8 /* WebViewController.swift in Sources */ = {isa = PBXBuildFile; fileRef = 981CBE622A9B5FEF0005B1F8 /* WebViewController.swift */; };
		981CBE682A9B778E0005B1F8 /* TableViewCell.swift in Sources */ = {isa = PBXBuildFile; fileRef = 981CBE662A9B778E0005B1F8 /* TableViewCell.swift */; };
		981CBE692A9B778E0005B1F8 /* TableViewCell.xib in Resources */ = {isa = PBXBuildFile; fileRef = 981CBE672A9B778E0005B1F8 /* TableViewCell.xib */; };
		981CBE6B2A9B799D0005B1F8 /* MainMenuViewController.swift in Sources */ = {isa = PBXBuildFile; fileRef = 981CBE6A2A9B799D0005B1F8 /* MainMenuViewController.swift */; };
		9838A38E2A95E5E400C687D3 /* Networking.swift in Sources */ = {isa = PBXBuildFile; fileRef = 9838A38D2A95E5E400C687D3 /* Networking.swift */; };
		9838A3902A95E6EB00C687D3 /* Model.swift in Sources */ = {isa = PBXBuildFile; fileRef = 9838A38F2A95E6EB00C687D3 /* Model.swift */; };
		9838A3952A95FB6400C687D3 /* CollectionViewCell.swift in Sources */ = {isa = PBXBuildFile; fileRef = 9838A3932A95FB6400C687D3 /* CollectionViewCell.swift */; };
		9838A3962A95FB6400C687D3 /* CollectionViewCell.xib in Resources */ = {isa = PBXBuildFile; fileRef = 9838A3942A95FB6400C687D3 /* CollectionViewCell.xib */; };
		9838A3982A971D3600C687D3 /* CategoryCollectionViewCell.swift in Sources */ = {isa = PBXBuildFile; fileRef = 9838A3972A971D3600C687D3 /* CategoryCollectionViewCell.swift */; };
		9838A39A2A9734A400C687D3 /* FavNewsCollectionView.swift in Sources */ = {isa = PBXBuildFile; fileRef = 9838A3992A9734A400C687D3 /* FavNewsCollectionView.swift */; };
		9838A39C2A9734EB00C687D3 /* FavCollectionViewModel.swift in Sources */ = {isa = PBXBuildFile; fileRef = 9838A39B2A9734EB00C687D3 /* FavCollectionViewModel.swift */; };
		9838A39E2A973C9100C687D3 /* HomeViewController.swift in Sources */ = {isa = PBXBuildFile; fileRef = 9838A39D2A973C9100C687D3 /* HomeViewController.swift */; };
		9838A3A02A9781EB00C687D3 /* MainNewsViewModel.swift in Sources */ = {isa = PBXBuildFile; fileRef = 9838A39F2A9781EB00C687D3 /* MainNewsViewModel.swift */; };
		9844F3BD2AA7166200334450 /* MarkedNews.swift in Sources */ = {isa = PBXBuildFile; fileRef = 9844F3BC2AA7166200334450 /* MarkedNews.swift */; };
		9844F3BF2AA72C0700334450 /* MarkedNewsModel.swift in Sources */ = {isa = PBXBuildFile; fileRef = 9844F3BE2AA72C0700334450 /* MarkedNewsModel.swift */; };
		9844F3C12AA7534500334450 /* FavouriteInputViewModel.swift in Sources */ = {isa = PBXBuildFile; fileRef = 9844F3C02AA7534500334450 /* FavouriteInputViewModel.swift */; };
		98C662372A95DC0F00F4C163 /* AppDelegate.swift in Sources */ = {isa = PBXBuildFile; fileRef = 98C662362A95DC0F00F4C163 /* AppDelegate.swift */; };
		98C662392A95DC0F00F4C163 /* SceneDelegate.swift in Sources */ = {isa = PBXBuildFile; fileRef = 98C662382A95DC0F00F4C163 /* SceneDelegate.swift */; };
		98C6623B2A95DC0F00F4C163 /* MainNewsViewController.swift in Sources */ = {isa = PBXBuildFile; fileRef = 98C6623A2A95DC0F00F4C163 /* MainNewsViewController.swift */; };
		98C6623E2A95DC0F00F4C163 /* Main.storyboard in Resources */ = {isa = PBXBuildFile; fileRef = 98C6623C2A95DC0F00F4C163 /* Main.storyboard */; };
		98C662432A95DC1200F4C163 /* Assets.xcassets in Resources */ = {isa = PBXBuildFile; fileRef = 98C662422A95DC1200F4C163 /* Assets.xcassets */; };
		98C662462A95DC1200F4C163 /* LaunchScreen.storyboard in Resources */ = {isa = PBXBuildFile; fileRef = 98C662442A95DC1200F4C163 /* LaunchScreen.storyboard */; };
/* End PBXBuildFile section */

/* Begin PBXFileReference section */
		5D2146212AA062CE00B28DE8 /* ProfileViewController.swift */ = {isa = PBXFileReference; lastKnownFileType = sourcecode.swift; path = ProfileViewController.swift; sourceTree = "<group>"; };
		5D2146232AA06B0A00B28DE8 /* SelectedTopicCollectionViewCell.swift */ = {isa = PBXFileReference; lastKnownFileType = sourcecode.swift; path = SelectedTopicCollectionViewCell.swift; sourceTree = "<group>"; };
		5D56BED02AA0D5C5009654A9 /* ContactUsViewController.swift */ = {isa = PBXFileReference; lastKnownFileType = sourcecode.swift; path = ContactUsViewController.swift; sourceTree = "<group>"; };
		5D5C54F42A9DCF99008326BD /* FavouriteInputViewController.swift */ = {isa = PBXFileReference; lastKnownFileType = sourcecode.swift; path = FavouriteInputViewController.swift; sourceTree = "<group>"; };
		5D5C54F82A9DEFD3008326BD /* FavouriteInputCollectionViewCell.swift */ = {isa = PBXFileReference; lastKnownFileType = sourcecode.swift; path = FavouriteInputCollectionViewCell.swift; sourceTree = "<group>"; };
		5D95D9762A9F1A2D00211536 /* CoreDataModel.xcdatamodel */ = {isa = PBXFileReference; lastKnownFileType = wrapper.xcdatamodel; path = CoreDataModel.xcdatamodel; sourceTree = "<group>"; };
		5D99057D2A9E2D7C006F155F /* SignInViewController.swift */ = {isa = PBXFileReference; lastKnownFileType = sourcecode.swift; path = SignInViewController.swift; sourceTree = "<group>"; };
		5D99057F2A9E2E5E006F155F /* SignInViewModel.swift */ = {isa = PBXFileReference; lastKnownFileType = sourcecode.swift; path = SignInViewModel.swift; sourceTree = "<group>"; };
		5D9905812A9E2EA4006F155F /* RegisterViewController.swift */ = {isa = PBXFileReference; lastKnownFileType = sourcecode.swift; path = RegisterViewController.swift; sourceTree = "<group>"; };
		5D9905832A9E2F26006F155F /* SignUpViewModel.swift */ = {isa = PBXFileReference; lastKnownFileType = sourcecode.swift; path = SignUpViewModel.swift; sourceTree = "<group>"; };
		5D9905852A9E2F95006F155F /* UserDataRepository.swift */ = {isa = PBXFileReference; lastKnownFileType = sourcecode.swift; path = UserDataRepository.swift; sourceTree = "<group>"; };
		5D9905872A9E2FD3006F155F /* UserDataModel.swift */ = {isa = PBXFileReference; lastKnownFileType = sourcecode.swift; path = UserDataModel.swift; sourceTree = "<group>"; };
		5DB275412AA78B830016FF8B /* Utilities.swift */ = {isa = PBXFileReference; lastKnownFileType = sourcecode.swift; path = Utilities.swift; sourceTree = "<group>"; };
		981CBE622A9B5FEF0005B1F8 /* WebViewController.swift */ = {isa = PBXFileReference; lastKnownFileType = sourcecode.swift; path = WebViewController.swift; sourceTree = "<group>"; };
		981CBE662A9B778E0005B1F8 /* TableViewCell.swift */ = {isa = PBXFileReference; lastKnownFileType = sourcecode.swift; path = TableViewCell.swift; sourceTree = "<group>"; };
		981CBE672A9B778E0005B1F8 /* TableViewCell.xib */ = {isa = PBXFileReference; lastKnownFileType = file.xib; path = TableViewCell.xib; sourceTree = "<group>"; };
		981CBE6A2A9B799D0005B1F8 /* MainMenuViewController.swift */ = {isa = PBXFileReference; lastKnownFileType = sourcecode.swift; path = MainMenuViewController.swift; sourceTree = "<group>"; };
		9838A38D2A95E5E400C687D3 /* Networking.swift */ = {isa = PBXFileReference; lastKnownFileType = sourcecode.swift; path = Networking.swift; sourceTree = "<group>"; };
		9838A38F2A95E6EB00C687D3 /* Model.swift */ = {isa = PBXFileReference; lastKnownFileType = sourcecode.swift; path = Model.swift; sourceTree = "<group>"; };
		9838A3932A95FB6400C687D3 /* CollectionViewCell.swift */ = {isa = PBXFileReference; lastKnownFileType = sourcecode.swift; path = CollectionViewCell.swift; sourceTree = "<group>"; };
		9838A3942A95FB6400C687D3 /* CollectionViewCell.xib */ = {isa = PBXFileReference; lastKnownFileType = file.xib; path = CollectionViewCell.xib; sourceTree = "<group>"; };
		9838A3972A971D3600C687D3 /* CategoryCollectionViewCell.swift */ = {isa = PBXFileReference; lastKnownFileType = sourcecode.swift; path = CategoryCollectionViewCell.swift; sourceTree = "<group>"; };
		9838A3992A9734A400C687D3 /* FavNewsCollectionView.swift */ = {isa = PBXFileReference; lastKnownFileType = sourcecode.swift; path = FavNewsCollectionView.swift; sourceTree = "<group>"; };
		9838A39B2A9734EB00C687D3 /* FavCollectionViewModel.swift */ = {isa = PBXFileReference; lastKnownFileType = sourcecode.swift; path = FavCollectionViewModel.swift; sourceTree = "<group>"; };
		9838A39D2A973C9100C687D3 /* HomeViewController.swift */ = {isa = PBXFileReference; lastKnownFileType = sourcecode.swift; path = HomeViewController.swift; sourceTree = "<group>"; };
		9838A39F2A9781EB00C687D3 /* MainNewsViewModel.swift */ = {isa = PBXFileReference; lastKnownFileType = sourcecode.swift; path = MainNewsViewModel.swift; sourceTree = "<group>"; };
		9844F3BC2AA7166200334450 /* MarkedNews.swift */ = {isa = PBXFileReference; lastKnownFileType = sourcecode.swift; path = MarkedNews.swift; sourceTree = "<group>"; };
		9844F3BE2AA72C0700334450 /* MarkedNewsModel.swift */ = {isa = PBXFileReference; lastKnownFileType = sourcecode.swift; path = MarkedNewsModel.swift; sourceTree = "<group>"; };
		9844F3C02AA7534500334450 /* FavouriteInputViewModel.swift */ = {isa = PBXFileReference; lastKnownFileType = sourcecode.swift; path = FavouriteInputViewModel.swift; sourceTree = "<group>"; };
		98C662332A95DC0F00F4C163 /* NewsApplication1.app */ = {isa = PBXFileReference; explicitFileType = wrapper.application; includeInIndex = 0; path = NewsApplication1.app; sourceTree = BUILT_PRODUCTS_DIR; };
		98C662362A95DC0F00F4C163 /* AppDelegate.swift */ = {isa = PBXFileReference; lastKnownFileType = sourcecode.swift; path = AppDelegate.swift; sourceTree = "<group>"; };
		98C662382A95DC0F00F4C163 /* SceneDelegate.swift */ = {isa = PBXFileReference; lastKnownFileType = sourcecode.swift; path = SceneDelegate.swift; sourceTree = "<group>"; };
		98C6623A2A95DC0F00F4C163 /* MainNewsViewController.swift */ = {isa = PBXFileReference; lastKnownFileType = sourcecode.swift; path = MainNewsViewController.swift; sourceTree = "<group>"; };
		98C6623D2A95DC0F00F4C163 /* Base */ = {isa = PBXFileReference; lastKnownFileType = file.storyboard; name = Base; path = Base.lproj/Main.storyboard; sourceTree = "<group>"; };
		98C662422A95DC1200F4C163 /* Assets.xcassets */ = {isa = PBXFileReference; lastKnownFileType = folder.assetcatalog; path = Assets.xcassets; sourceTree = "<group>"; };
		98C662452A95DC1200F4C163 /* Base */ = {isa = PBXFileReference; lastKnownFileType = file.storyboard; name = Base; path = Base.lproj/LaunchScreen.storyboard; sourceTree = "<group>"; };
		98C662472A95DC1200F4C163 /* Info.plist */ = {isa = PBXFileReference; lastKnownFileType = text.plist.xml; path = Info.plist; sourceTree = "<group>"; };
/* End PBXFileReference section */

/* Begin PBXFrameworksBuildPhase section */
		98C662302A95DC0F00F4C163 /* Frameworks */ = {
			isa = PBXFrameworksBuildPhase;
			buildActionMask = 2147483647;
			files = (
			);
			runOnlyForDeploymentPostprocessing = 0;
		};
/* End PBXFrameworksBuildPhase section */

/* Begin PBXGroup section */
		5D9905652A9E2572006F155F /* Model */ = {
			isa = PBXGroup;
			children = (
				9838A38F2A95E6EB00C687D3 /* Model.swift */,
			);
			path = Model;
			sourceTree = "<group>";
		};
		5D9905662A9E2587006F155F /* View */ = {
			isa = PBXGroup;
			children = (
				98C6623C2A95DC0F00F4C163 /* Main.storyboard */,
				981CBE672A9B778E0005B1F8 /* TableViewCell.xib */,
				9838A3942A95FB6400C687D3 /* CollectionViewCell.xib */,
				98C662442A95DC1200F4C163 /* LaunchScreen.storyboard */,
			);
			path = View;
			sourceTree = "<group>";
		};
		5D9905672A9E2615006F155F /* login */ = {
			isa = PBXGroup;
			children = (
				5DB275412AA78B830016FF8B /* Utilities.swift */,
			);
			path = login;
			sourceTree = "<group>";
		};
		5D99056C2A9E27ED006F155F /* Models */ = {
			isa = PBXGroup;
			children = (
				5D9905872A9E2FD3006F155F /* UserDataModel.swift */,
				5D95D9752A9F1A2D00211536 /* CoreDataModel.xcdatamodeld */,
				5D9905852A9E2F95006F155F /* UserDataRepository.swift */,
			);
			path = Models;
			sourceTree = "<group>";
		};
		981283F92A9DBDD900344243 /* ViewModel */ = {
			isa = PBXGroup;
			children = (
				5D9905672A9E2615006F155F /* login */,
				981CBE6A2A9B799D0005B1F8 /* MainMenuViewController.swift */,
				5D99057D2A9E2D7C006F155F /* SignInViewController.swift */,
				5D99057F2A9E2E5E006F155F /* SignInViewModel.swift */,
				5D56BED02AA0D5C5009654A9 /* ContactUsViewController.swift */,
				5D9905812A9E2EA4006F155F /* RegisterViewController.swift */,
				5D9905832A9E2F26006F155F /* SignUpViewModel.swift */,
				981CBE622A9B5FEF0005B1F8 /* WebViewController.swift */,
				5D2146212AA062CE00B28DE8 /* ProfileViewController.swift */,
				9838A3992A9734A400C687D3 /* FavNewsCollectionView.swift */,
				9838A39B2A9734EB00C687D3 /* FavCollectionViewModel.swift */,
				98C6623A2A95DC0F00F4C163 /* MainNewsViewController.swift */,
				9838A39F2A9781EB00C687D3 /* MainNewsViewModel.swift */,
				9838A39D2A973C9100C687D3 /* HomeViewController.swift */,
				9838A3972A971D3600C687D3 /* CategoryCollectionViewCell.swift */,
				5D5C54F42A9DCF99008326BD /* FavouriteInputViewController.swift */,
				9844F3C02AA7534500334450 /* FavouriteInputViewModel.swift */,
				9844F3BC2AA7166200334450 /* MarkedNews.swift */,
				9844F3BE2AA72C0700334450 /* MarkedNewsModel.swift */,
			);
			path = ViewModel;
			sourceTree = "<group>";
		};
		981283FA2A9DBEA300344243 /* CustomCells */ = {
			isa = PBXGroup;
			children = (
				981CBE662A9B778E0005B1F8 /* TableViewCell.swift */,
				5D5C54F82A9DEFD3008326BD /* FavouriteInputCollectionViewCell.swift */,
				5D2146232AA06B0A00B28DE8 /* SelectedTopicCollectionViewCell.swift */,
				9838A3932A95FB6400C687D3 /* CollectionViewCell.swift */,
			);
			path = CustomCells;
			sourceTree = "<group>";
		};
		98C6622A2A95DC0F00F4C163 = {
			isa = PBXGroup;
			children = (
				98C662352A95DC0F00F4C163 /* NewsApplication1 */,
				98C662342A95DC0F00F4C163 /* Products */,
			);
			sourceTree = "<group>";
		};
		98C662342A95DC0F00F4C163 /* Products */ = {
			isa = PBXGroup;
			children = (
				98C662332A95DC0F00F4C163 /* NewsApplication1.app */,
			);
			name = Products;
			sourceTree = "<group>";
		};
		98C662352A95DC0F00F4C163 /* NewsApplication1 */ = {
			isa = PBXGroup;
			children = (
				98C662362A95DC0F00F4C163 /* AppDelegate.swift */,
				98C662382A95DC0F00F4C163 /* SceneDelegate.swift */,
				9838A38D2A95E5E400C687D3 /* Networking.swift */,
				5D99056C2A9E27ED006F155F /* Models */,
				5D9905652A9E2572006F155F /* Model */,
				5D9905662A9E2587006F155F /* View */,
				981283F92A9DBDD900344243 /* ViewModel */,
				981283FA2A9DBEA300344243 /* CustomCells */,
				98C662422A95DC1200F4C163 /* Assets.xcassets */,
				98C662472A95DC1200F4C163 /* Info.plist */,
			);
			path = NewsApplication1;
			sourceTree = "<group>";
		};
/* End PBXGroup section */

/* Begin PBXNativeTarget section */
		98C662322A95DC0F00F4C163 /* NewsApplication1 */ = {
			isa = PBXNativeTarget;
			buildConfigurationList = 98C6624A2A95DC1200F4C163 /* Build configuration list for PBXNativeTarget "NewsApplication1" */;
			buildPhases = (
				98C6622F2A95DC0F00F4C163 /* Sources */,
				98C662302A95DC0F00F4C163 /* Frameworks */,
				98C662312A95DC0F00F4C163 /* Resources */,
			);
			buildRules = (
			);
			dependencies = (
			);
			name = NewsApplication1;
			productName = NewsApplication1;
			productReference = 98C662332A95DC0F00F4C163 /* NewsApplication1.app */;
			productType = "com.apple.product-type.application";
		};
/* End PBXNativeTarget section */

/* Begin PBXProject section */
		98C6622B2A95DC0F00F4C163 /* Project object */ = {
			isa = PBXProject;
			attributes = {
				BuildIndependentTargetsInParallel = 1;
				LastSwiftUpdateCheck = 1430;
				LastUpgradeCheck = 1430;
				TargetAttributes = {
					98C662322A95DC0F00F4C163 = {
						CreatedOnToolsVersion = 14.3.1;
					};
				};
			};
			buildConfigurationList = 98C6622E2A95DC0F00F4C163 /* Build configuration list for PBXProject "NewsApplication1" */;
			compatibilityVersion = "Xcode 14.0";
			developmentRegion = en;
			hasScannedForEncodings = 0;
			knownRegions = (
				en,
				Base,
			);
			mainGroup = 98C6622A2A95DC0F00F4C163;
			productRefGroup = 98C662342A95DC0F00F4C163 /* Products */;
			projectDirPath = "";
			projectRoot = "";
			targets = (
				98C662322A95DC0F00F4C163 /* NewsApplication1 */,
			);
		};
/* End PBXProject section */

/* Begin PBXResourcesBuildPhase section */
		98C662312A95DC0F00F4C163 /* Resources */ = {
			isa = PBXResourcesBuildPhase;
			buildActionMask = 2147483647;
			files = (
				98C662462A95DC1200F4C163 /* LaunchScreen.storyboard in Resources */,
				981CBE692A9B778E0005B1F8 /* TableViewCell.xib in Resources */,
				98C662432A95DC1200F4C163 /* Assets.xcassets in Resources */,
				9838A3962A95FB6400C687D3 /* CollectionViewCell.xib in Resources */,
				98C6623E2A95DC0F00F4C163 /* Main.storyboard in Resources */,
			);
			runOnlyForDeploymentPostprocessing = 0;
		};
/* End PBXResourcesBuildPhase section */

/* Begin PBXSourcesBuildPhase section */
		98C6622F2A95DC0F00F4C163 /* Sources */ = {
			isa = PBXSourcesBuildPhase;
			buildActionMask = 2147483647;
			files = (
				5D9905882A9E2FD3006F155F /* UserDataModel.swift in Sources */,
				9838A3982A971D3600C687D3 /* CategoryCollectionViewCell.swift in Sources */,
				98C6623B2A95DC0F00F4C163 /* MainNewsViewController.swift in Sources */,
				9838A38E2A95E5E400C687D3 /* Networking.swift in Sources */,
				5D9905802A9E2E5E006F155F /* SignInViewModel.swift in Sources */,
				9838A39A2A9734A400C687D3 /* FavNewsCollectionView.swift in Sources */,
				5D2146242AA06B0A00B28DE8 /* SelectedTopicCollectionViewCell.swift in Sources */,
				9844F3BD2AA7166200334450 /* MarkedNews.swift in Sources */,
				9844F3BF2AA72C0700334450 /* MarkedNewsModel.swift in Sources */,
				5D9905822A9E2EA4006F155F /* RegisterViewController.swift in Sources */,
				98C662372A95DC0F00F4C163 /* AppDelegate.swift in Sources */,
				981CBE682A9B778E0005B1F8 /* TableViewCell.swift in Sources */,
				981CBE6B2A9B799D0005B1F8 /* MainMenuViewController.swift in Sources */,
				9838A3952A95FB6400C687D3 /* CollectionViewCell.swift in Sources */,
				9838A39C2A9734EB00C687D3 /* FavCollectionViewModel.swift in Sources */,
				9838A39E2A973C9100C687D3 /* HomeViewController.swift in Sources */,
				5D95D9772A9F1A2D00211536 /* CoreDataModel.xcdatamodeld in Sources */,
				5D9905842A9E2F26006F155F /* SignUpViewModel.swift in Sources */,
				5DB275422AA78B830016FF8B /* Utilities.swift in Sources */,
				5D9905862A9E2F95006F155F /* UserDataRepository.swift in Sources */,
				5D5C54F52A9DCF99008326BD /* FavouriteInputViewController.swift in Sources */,
				9838A3A02A9781EB00C687D3 /* MainNewsViewModel.swift in Sources */,
				9838A3902A95E6EB00C687D3 /* Model.swift in Sources */,
				98C662392A95DC0F00F4C163 /* SceneDelegate.swift in Sources */,
				981CBE632A9B5FEF0005B1F8 /* WebViewController.swift in Sources */,
				5D2146222AA062CE00B28DE8 /* ProfileViewController.swift in Sources */,
				5D5C54F92A9DEFD3008326BD /* FavouriteInputCollectionViewCell.swift in Sources */,
				5D99057E2A9E2D7C006F155F /* SignInViewController.swift in Sources */,
				5D56BED12AA0D5C5009654A9 /* ContactUsViewController.swift in Sources */,
				9844F3C12AA7534500334450 /* FavouriteInputViewModel.swift in Sources */,
			);
			runOnlyForDeploymentPostprocessing = 0;
		};
/* End PBXSourcesBuildPhase section */

/* Begin PBXVariantGroup section */
		98C6623C2A95DC0F00F4C163 /* Main.storyboard */ = {
			isa = PBXVariantGroup;
			children = (
				98C6623D2A95DC0F00F4C163 /* Base */,
			);
			name = Main.storyboard;
			sourceTree = "<group>";
		};
		98C662442A95DC1200F4C163 /* LaunchScreen.storyboard */ = {
			isa = PBXVariantGroup;
			children = (
				98C662452A95DC1200F4C163 /* Base */,
			);
			name = LaunchScreen.storyboard;
			sourceTree = "<group>";
		};
/* End PBXVariantGroup section */

/* Begin XCBuildConfiguration section */
		98C662482A95DC1200F4C163 /* Debug */ = {
			isa = XCBuildConfiguration;
			buildSettings = {
				ALWAYS_SEARCH_USER_PATHS = NO;
				CLANG_ANALYZER_NONNULL = YES;
				CLANG_ANALYZER_NUMBER_OBJECT_CONVERSION = YES_AGGRESSIVE;
				CLANG_CXX_LANGUAGE_STANDARD = "gnu++20";
				CLANG_ENABLE_MODULES = YES;
				CLANG_ENABLE_OBJC_ARC = YES;
				CLANG_ENABLE_OBJC_WEAK = YES;
				CLANG_WARN_BLOCK_CAPTURE_AUTORELEASING = YES;
				CLANG_WARN_BOOL_CONVERSION = YES;
				CLANG_WARN_COMMA = YES;
				CLANG_WARN_CONSTANT_CONVERSION = YES;
				CLANG_WARN_DEPRECATED_OBJC_IMPLEMENTATIONS = YES;
				CLANG_WARN_DIRECT_OBJC_ISA_USAGE = YES_ERROR;
				CLANG_WARN_DOCUMENTATION_COMMENTS = YES;
				CLANG_WARN_EMPTY_BODY = YES;
				CLANG_WARN_ENUM_CONVERSION = YES;
				CLANG_WARN_INFINITE_RECURSION = YES;
				CLANG_WARN_INT_CONVERSION = YES;
				CLANG_WARN_NON_LITERAL_NULL_CONVERSION = YES;
				CLANG_WARN_OBJC_IMPLICIT_RETAIN_SELF = YES;
				CLANG_WARN_OBJC_LITERAL_CONVERSION = YES;
				CLANG_WARN_OBJC_ROOT_CLASS = YES_ERROR;
				CLANG_WARN_QUOTED_INCLUDE_IN_FRAMEWORK_HEADER = YES;
				CLANG_WARN_RANGE_LOOP_ANALYSIS = YES;
				CLANG_WARN_STRICT_PROTOTYPES = YES;
				CLANG_WARN_SUSPICIOUS_MOVE = YES;
				CLANG_WARN_UNGUARDED_AVAILABILITY = YES_AGGRESSIVE;
				CLANG_WARN_UNREACHABLE_CODE = YES;
				CLANG_WARN__DUPLICATE_METHOD_MATCH = YES;
				COPY_PHASE_STRIP = NO;
				DEBUG_INFORMATION_FORMAT = dwarf;
				ENABLE_STRICT_OBJC_MSGSEND = YES;
				ENABLE_TESTABILITY = YES;
				GCC_C_LANGUAGE_STANDARD = gnu11;
				GCC_DYNAMIC_NO_PIC = NO;
				GCC_NO_COMMON_BLOCKS = YES;
				GCC_OPTIMIZATION_LEVEL = 0;
				GCC_PREPROCESSOR_DEFINITIONS = (
					"DEBUG=1",
					"$(inherited)",
				);
				GCC_WARN_64_TO_32_BIT_CONVERSION = YES;
				GCC_WARN_ABOUT_RETURN_TYPE = YES_ERROR;
				GCC_WARN_UNDECLARED_SELECTOR = YES;
				GCC_WARN_UNINITIALIZED_AUTOS = YES_AGGRESSIVE;
				GCC_WARN_UNUSED_FUNCTION = YES;
				GCC_WARN_UNUSED_VARIABLE = YES;
				IPHONEOS_DEPLOYMENT_TARGET = 16.4;
				MTL_ENABLE_DEBUG_INFO = INCLUDE_SOURCE;
				MTL_FAST_MATH = YES;
				ONLY_ACTIVE_ARCH = YES;
				SDKROOT = iphoneos;
				SWIFT_ACTIVE_COMPILATION_CONDITIONS = DEBUG;
				SWIFT_OPTIMIZATION_LEVEL = "-Onone";
			};
			name = Debug;
		};
		98C662492A95DC1200F4C163 /* Release */ = {
			isa = XCBuildConfiguration;
			buildSettings = {
				ALWAYS_SEARCH_USER_PATHS = NO;
				CLANG_ANALYZER_NONNULL = YES;
				CLANG_ANALYZER_NUMBER_OBJECT_CONVERSION = YES_AGGRESSIVE;
				CLANG_CXX_LANGUAGE_STANDARD = "gnu++20";
				CLANG_ENABLE_MODULES = YES;
				CLANG_ENABLE_OBJC_ARC = YES;
				CLANG_ENABLE_OBJC_WEAK = YES;
				CLANG_WARN_BLOCK_CAPTURE_AUTORELEASING = YES;
				CLANG_WARN_BOOL_CONVERSION = YES;
				CLANG_WARN_COMMA = YES;
				CLANG_WARN_CONSTANT_CONVERSION = YES;
				CLANG_WARN_DEPRECATED_OBJC_IMPLEMENTATIONS = YES;
				CLANG_WARN_DIRECT_OBJC_ISA_USAGE = YES_ERROR;
				CLANG_WARN_DOCUMENTATION_COMMENTS = YES;
				CLANG_WARN_EMPTY_BODY = YES;
				CLANG_WARN_ENUM_CONVERSION = YES;
				CLANG_WARN_INFINITE_RECURSION = YES;
				CLANG_WARN_INT_CONVERSION = YES;
				CLANG_WARN_NON_LITERAL_NULL_CONVERSION = YES;
				CLANG_WARN_OBJC_IMPLICIT_RETAIN_SELF = YES;
				CLANG_WARN_OBJC_LITERAL_CONVERSION = YES;
				CLANG_WARN_OBJC_ROOT_CLASS = YES_ERROR;
				CLANG_WARN_QUOTED_INCLUDE_IN_FRAMEWORK_HEADER = YES;
				CLANG_WARN_RANGE_LOOP_ANALYSIS = YES;
				CLANG_WARN_STRICT_PROTOTYPES = YES;
				CLANG_WARN_SUSPICIOUS_MOVE = YES;
				CLANG_WARN_UNGUARDED_AVAILABILITY = YES_AGGRESSIVE;
				CLANG_WARN_UNREACHABLE_CODE = YES;
				CLANG_WARN__DUPLICATE_METHOD_MATCH = YES;
				COPY_PHASE_STRIP = NO;
				DEBUG_INFORMATION_FORMAT = "dwarf-with-dsym";
				ENABLE_NS_ASSERTIONS = NO;
				ENABLE_STRICT_OBJC_MSGSEND = YES;
				GCC_C_LANGUAGE_STANDARD = gnu11;
				GCC_NO_COMMON_BLOCKS = YES;
				GCC_WARN_64_TO_32_BIT_CONVERSION = YES;
				GCC_WARN_ABOUT_RETURN_TYPE = YES_ERROR;
				GCC_WARN_UNDECLARED_SELECTOR = YES;
				GCC_WARN_UNINITIALIZED_AUTOS = YES_AGGRESSIVE;
				GCC_WARN_UNUSED_FUNCTION = YES;
				GCC_WARN_UNUSED_VARIABLE = YES;
				IPHONEOS_DEPLOYMENT_TARGET = 16.4;
				MTL_ENABLE_DEBUG_INFO = NO;
				MTL_FAST_MATH = YES;
				SDKROOT = iphoneos;
				SWIFT_COMPILATION_MODE = wholemodule;
				SWIFT_OPTIMIZATION_LEVEL = "-O";
				VALIDATE_PRODUCT = YES;
			};
			name = Release;
		};
		98C6624B2A95DC1200F4C163 /* Debug */ = {
			isa = XCBuildConfiguration;
			buildSettings = {
				ASSETCATALOG_COMPILER_APPICON_NAME = AppIcon;
				ASSETCATALOG_COMPILER_GLOBAL_ACCENT_COLOR_NAME = AccentColor;
				CODE_SIGN_STYLE = Automatic;
				CURRENT_PROJECT_VERSION = 1;
				DEVELOPMENT_TEAM = 27832FS8B7;
				GENERATE_INFOPLIST_FILE = YES;
				INFOPLIST_FILE = NewsApplication1/Info.plist;
				INFOPLIST_KEY_UIApplicationSupportsIndirectInputEvents = YES;
				INFOPLIST_KEY_UILaunchStoryboardName = LaunchScreen;
				INFOPLIST_KEY_UIMainStoryboardFile = Main;
				INFOPLIST_KEY_UISupportedInterfaceOrientations = UIInterfaceOrientationPortrait;
				INFOPLIST_KEY_UISupportedInterfaceOrientations_iPad = "UIInterfaceOrientationLandscapeLeft UIInterfaceOrientationLandscapeRight UIInterfaceOrientationPortrait UIInterfaceOrientationPortraitUpsideDown";
				IPHONEOS_DEPLOYMENT_TARGET = 16.1;
				LD_RUNPATH_SEARCH_PATHS = (
					"$(inherited)",
					"@executable_path/Frameworks",
				);
				MARKETING_VERSION = 1.0;
				PRODUCT_BUNDLE_IDENTIFIER = uworld.NewsApplication1;
				PRODUCT_NAME = "$(TARGET_NAME)";
				SWIFT_EMIT_LOC_STRINGS = YES;
				SWIFT_VERSION = 5.0;
				TARGETED_DEVICE_FAMILY = "1,2";
			};
			name = Debug;
		};
		98C6624C2A95DC1200F4C163 /* Release */ = {
			isa = XCBuildConfiguration;
			buildSettings = {
				ASSETCATALOG_COMPILER_APPICON_NAME = AppIcon;
				ASSETCATALOG_COMPILER_GLOBAL_ACCENT_COLOR_NAME = AccentColor;
				CODE_SIGN_STYLE = Automatic;
				CURRENT_PROJECT_VERSION = 1;
				DEVELOPMENT_TEAM = 27832FS8B7;
				GENERATE_INFOPLIST_FILE = YES;
				INFOPLIST_FILE = NewsApplication1/Info.plist;
				INFOPLIST_KEY_UIApplicationSupportsIndirectInputEvents = YES;
				INFOPLIST_KEY_UILaunchStoryboardName = LaunchScreen;
				INFOPLIST_KEY_UIMainStoryboardFile = Main;
				INFOPLIST_KEY_UISupportedInterfaceOrientations = UIInterfaceOrientationPortrait;
				INFOPLIST_KEY_UISupportedInterfaceOrientations_iPad = "UIInterfaceOrientationLandscapeLeft UIInterfaceOrientationLandscapeRight UIInterfaceOrientationPortrait UIInterfaceOrientationPortraitUpsideDown";
				IPHONEOS_DEPLOYMENT_TARGET = 16.1;
				LD_RUNPATH_SEARCH_PATHS = (
					"$(inherited)",
					"@executable_path/Frameworks",
				);
				MARKETING_VERSION = 1.0;
				PRODUCT_BUNDLE_IDENTIFIER = uworld.NewsApplication1;
				PRODUCT_NAME = "$(TARGET_NAME)";
				SWIFT_EMIT_LOC_STRINGS = YES;
				SWIFT_VERSION = 5.0;
				TARGETED_DEVICE_FAMILY = "1,2";
			};
			name = Release;
		};
/* End XCBuildConfiguration section */

/* Begin XCConfigurationList section */
		98C6622E2A95DC0F00F4C163 /* Build configuration list for PBXProject "NewsApplication1" */ = {
			isa = XCConfigurationList;
			buildConfigurations = (
				98C662482A95DC1200F4C163 /* Debug */,
				98C662492A95DC1200F4C163 /* Release */,
			);
			defaultConfigurationIsVisible = 0;
			defaultConfigurationName = Release;
		};
		98C6624A2A95DC1200F4C163 /* Build configuration list for PBXNativeTarget "NewsApplication1" */ = {
			isa = XCConfigurationList;
			buildConfigurations = (
				98C6624B2A95DC1200F4C163 /* Debug */,
				98C6624C2A95DC1200F4C163 /* Release */,
			);
			defaultConfigurationIsVisible = 0;
			defaultConfigurationName = Release;
		};
/* End XCConfigurationList section */

/* Begin XCVersionGroup section */
		5D95D9752A9F1A2D00211536 /* CoreDataModel.xcdatamodeld */ = {
			isa = XCVersionGroup;
			children = (
				5D95D9762A9F1A2D00211536 /* CoreDataModel.xcdatamodel */,
			);
			currentVersion = 5D95D9762A9F1A2D00211536 /* CoreDataModel.xcdatamodel */;
			path = CoreDataModel.xcdatamodeld;
			sourceTree = "<group>";
			versionGroupType = wrapper.xcdatamodel;
		};
/* End XCVersionGroup section */
	};
	rootObject = 98C6622B2A95DC0F00F4C163 /* Project object */;
}
